# yarn lockfile v1


firebase-admin@12.0.0:
  version "12.0.0"
  resolved "https://registry.yarnpkg.com/firebase-admin/-/firebase-admin-12.0.0.tgz"
  integrity sha512-aaa
  dependencies:
    jsonwebtoken "^9.0.0"
  optionalDependencies:
    "@google-cloud/firestore" "^7.1.0"

"@google-cloud/firestore@^7.1.0":
  version "7.11.6"
  resolved "https://registry.yarnpkg.com/google-cloud-firestore.tgz"
  integrity sha512-bbb
  dependencies:
    protobufjs "^7.2.6"

protobufjs@^7.2.6:
  version "7.2.6"
  resolved "https://registry.yarnpkg.com/protobufjs/-/protobufjs-7.2.6.tgz"
  integrity sha512-ccc

jsonwebtoken@^9.0.0:
  version "9.0.2"
  resolved "https://registry.yarnpkg.com/jsonwebtoken.tgz"
  integrity sha512-ddd

dev-only-pkg@^1.0.0:
  version "1.0.0"
  resolved "https://registry.yarnpkg.com/dev-only-pkg.tgz"
  integrity sha512-eee
